// !$*UTF8*$!
{
	archiveVersion = 1;
	classes = {
	};
	objectVersion = 50;
	objects = {

/* Begin PBXBuildFile section */
		02C040D753B177B616605BA2 /* Pods_SignatureMountain.framework in Frameworks */ = {isa = PBXBuildFile; fileRef = E224A6A606ABA40AB07A543E /* Pods_SignatureMountain.framework */; };
		0510FADC213A0D5600EC2AEE /* AppDelegate.swift in Sources */ = {isa = PBXBuildFile; fileRef = 0510FADB213A0D5600EC2AEE /* AppDelegate.swift */; };
		0510FADE213A0D5600EC2AEE /* SigninVC.swift in Sources */ = {isa = PBXBuildFile; fileRef = 0510FADD213A0D5600EC2AEE /* SigninVC.swift */; };
		0510FAE1213A0D5600EC2AEE /* Main.storyboard in Resources */ = {isa = PBXBuildFile; fileRef = 0510FADF213A0D5600EC2AEE /* Main.storyboard */; };
		0510FAE3213A0D5900EC2AEE /* Assets.xcassets in Resources */ = {isa = PBXBuildFile; fileRef = 0510FAE2213A0D5900EC2AEE /* Assets.xcassets */; };
		0510FAF2213A108600EC2AEE /* signin.swift in Sources */ = {isa = PBXBuildFile; fileRef = 0510FAF1213A108600EC2AEE /* signin.swift */; };
		0515723F215327FA00D06DEE /* patient.swift in Sources */ = {isa = PBXBuildFile; fileRef = 0515723E215327FA00D06DEE /* patient.swift */; };
		051572412158809400D06DEE /* matchingAppointments.swift in Sources */ = {isa = PBXBuildFile; fileRef = 051572402158809400D06DEE /* matchingAppointments.swift */; };
		051DBE8F21D9428A00BC3806 /* RobotoCondensed-BoldItalic.ttf in Resources */ = {isa = PBXBuildFile; fileRef = 051DBE7C21D9428900BC3806 /* RobotoCondensed-BoldItalic.ttf */; };
		051DBE9021D9428A00BC3806 /* Roboto-LightItalic.ttf in Resources */ = {isa = PBXBuildFile; fileRef = 051DBE7D21D9428900BC3806 /* Roboto-LightItalic.ttf */; };
		051DBE9121D9428A00BC3806 /* Roboto-Thin.ttf in Resources */ = {isa = PBXBuildFile; fileRef = 051DBE7E21D9428900BC3806 /* Roboto-Thin.ttf */; };
		051DBE9221D9428A00BC3806 /* Roboto-BoldItalic.ttf in Resources */ = {isa = PBXBuildFile; fileRef = 051DBE7F21D9428900BC3806 /* Roboto-BoldItalic.ttf */; };
		051DBE9321D9428A00BC3806 /* Roboto-Bold.ttf in Resources */ = {isa = PBXBuildFile; fileRef = 051DBE8021D9428900BC3806 /* Roboto-Bold.ttf */; };
		051DBE9421D9428A00BC3806 /* RobotoCondensed-LightItalic.ttf in Resources */ = {isa = PBXBuildFile; fileRef = 051DBE8121D9428900BC3806 /* RobotoCondensed-LightItalic.ttf */; };
		051DBE9521D9428A00BC3806 /* Roboto-Italic.ttf in Resources */ = {isa = PBXBuildFile; fileRef = 051DBE8221D9428900BC3806 /* Roboto-Italic.ttf */; };
		051DBE9621D9428A00BC3806 /* Roboto-Light.ttf in Resources */ = {isa = PBXBuildFile; fileRef = 051DBE8321D9428900BC3806 /* Roboto-Light.ttf */; };
		051DBE9821D9428A00BC3806 /* RobotoCondensed-Bold.ttf in Resources */ = {isa = PBXBuildFile; fileRef = 051DBE8521D9428900BC3806 /* RobotoCondensed-Bold.ttf */; };
		051DBE9921D9428A00BC3806 /* RobotoCondensed-Italic.ttf in Resources */ = {isa = PBXBuildFile; fileRef = 051DBE8621D9428900BC3806 /* RobotoCondensed-Italic.ttf */; };
		051DBE9A21D9428A00BC3806 /* Roboto-ThinItalic.ttf in Resources */ = {isa = PBXBuildFile; fileRef = 051DBE8721D9428900BC3806 /* Roboto-ThinItalic.ttf */; };
		051DBE9B21D9428A00BC3806 /* Roboto-Regular.ttf in Resources */ = {isa = PBXBuildFile; fileRef = 051DBE8821D9428A00BC3806 /* Roboto-Regular.ttf */; };
		051DBE9C21D9428A00BC3806 /* Roboto-MediumItalic.ttf in Resources */ = {isa = PBXBuildFile; fileRef = 051DBE8921D9428A00BC3806 /* Roboto-MediumItalic.ttf */; };
		051DBE9D21D9428A00BC3806 /* Roboto-Black.ttf in Resources */ = {isa = PBXBuildFile; fileRef = 051DBE8A21D9428A00BC3806 /* Roboto-Black.ttf */; };
		051DBE9E21D9428A00BC3806 /* Roboto-Medium.ttf in Resources */ = {isa = PBXBuildFile; fileRef = 051DBE8B21D9428A00BC3806 /* Roboto-Medium.ttf */; };
		051DBE9F21D9428A00BC3806 /* Roboto-BlackItalic.ttf in Resources */ = {isa = PBXBuildFile; fileRef = 051DBE8C21D9428A00BC3806 /* Roboto-BlackItalic.ttf */; };
		051DBEA021D9428A00BC3806 /* RobotoCondensed-Light.ttf in Resources */ = {isa = PBXBuildFile; fileRef = 051DBE8D21D9428A00BC3806 /* RobotoCondensed-Light.ttf */; };
		051DBEA121D9428A00BC3806 /* RobotoCondensed-Regular.ttf in Resources */ = {isa = PBXBuildFile; fileRef = 051DBE8E21D9428A00BC3806 /* RobotoCondensed-Regular.ttf */; };
		05271DF021D2EDD900AFF78C /* Connectivity.swift in Sources */ = {isa = PBXBuildFile; fileRef = 05271DEF21D2EDD900AFF78C /* Connectivity.swift */; };
		053CA54021D6AB780097BB7D /* SharedFuncs.swift in Sources */ = {isa = PBXBuildFile; fileRef = 053CA53F21D6AB780097BB7D /* SharedFuncs.swift */; };
		053EA43C213B66470067270E /* Constants.swift in Sources */ = {isa = PBXBuildFile; fileRef = 053EA43B213B66470067270E /* Constants.swift */; };
		053EA43E213B79000067270E /* SignatureVC.swift in Sources */ = {isa = PBXBuildFile; fileRef = 053EA43D213B78FF0067270E /* SignatureVC.swift */; };
		059E9E752143580100AE8D13 /* GetDOBVC.swift in Sources */ = {isa = PBXBuildFile; fileRef = 059E9E742143580000AE8D13 /* GetDOBVC.swift */; };
		059E9E77214477CA00AE8D13 /* matchingModels.swift in Sources */ = {isa = PBXBuildFile; fileRef = 059E9E76214477CA00AE8D13 /* matchingModels.swift */; };
		059E9E79214F353900AE8D13 /* RegisterVC.swift in Sources */ = {isa = PBXBuildFile; fileRef = 059E9E78214F353800AE8D13 /* RegisterVC.swift */; };
		05FA91F121D44B4E0061616D /* StartVC.swift in Sources */ = {isa = PBXBuildFile; fileRef = 05FA91F021D44B4E0061616D /* StartVC.swift */; };
		05FA91F521D53DE20061616D /* SettingsVC.swift in Sources */ = {isa = PBXBuildFile; fileRef = 05FA91F421D53DE20061616D /* SettingsVC.swift */; };
/* End PBXBuildFile section */

/* Begin PBXFileReference section */
		0510FAD8213A0D5600EC2AEE /* SignatureMountain.app */ = {isa = PBXFileReference; explicitFileType = wrapper.application; includeInIndex = 0; path = SignatureMountain.app; sourceTree = BUILT_PRODUCTS_DIR; };
		0510FADB213A0D5600EC2AEE /* AppDelegate.swift */ = {isa = PBXFileReference; lastKnownFileType = sourcecode.swift; path = AppDelegate.swift; sourceTree = "<group>"; };
		0510FADD213A0D5600EC2AEE /* SigninVC.swift */ = {isa = PBXFileReference; lastKnownFileType = sourcecode.swift; path = SigninVC.swift; sourceTree = "<group>"; };
		0510FAE0213A0D5600EC2AEE /* Base */ = {isa = PBXFileReference; lastKnownFileType = file.storyboard; name = Base; path = Base.lproj/Main.storyboard; sourceTree = "<group>"; };
		0510FAE2213A0D5900EC2AEE /* Assets.xcassets */ = {isa = PBXFileReference; lastKnownFileType = folder.assetcatalog; path = Assets.xcassets; sourceTree = "<group>"; };
		0510FAE7213A0D5900EC2AEE /* Info.plist */ = {isa = PBXFileReference; lastKnownFileType = text.plist.xml; path = Info.plist; sourceTree = "<group>"; };
		0510FAF1213A108600EC2AEE /* signin.swift */ = {isa = PBXFileReference; lastKnownFileType = sourcecode.swift; path = signin.swift; sourceTree = "<group>"; };
		0515723E215327FA00D06DEE /* patient.swift */ = {isa = PBXFileReference; lastKnownFileType = sourcecode.swift; path = patient.swift; sourceTree = "<group>"; };
		051572402158809400D06DEE /* matchingAppointments.swift */ = {isa = PBXFileReference; lastKnownFileType = sourcecode.swift; path = matchingAppointments.swift; sourceTree = "<group>"; };
		051DBE7C21D9428900BC3806 /* RobotoCondensed-BoldItalic.ttf */ = {isa = PBXFileReference; lastKnownFileType = file; path = "RobotoCondensed-BoldItalic.ttf"; sourceTree = "<group>"; };
		051DBE7D21D9428900BC3806 /* Roboto-LightItalic.ttf */ = {isa = PBXFileReference; lastKnownFileType = file; path = "Roboto-LightItalic.ttf"; sourceTree = "<group>"; };
		051DBE7E21D9428900BC3806 /* Roboto-Thin.ttf */ = {isa = PBXFileReference; lastKnownFileType = file; path = "Roboto-Thin.ttf"; sourceTree = "<group>"; };
		051DBE7F21D9428900BC3806 /* Roboto-BoldItalic.ttf */ = {isa = PBXFileReference; lastKnownFileType = file; path = "Roboto-BoldItalic.ttf"; sourceTree = "<group>"; };
		051DBE8021D9428900BC3806 /* Roboto-Bold.ttf */ = {isa = PBXFileReference; lastKnownFileType = file; path = "Roboto-Bold.ttf"; sourceTree = "<group>"; };
		051DBE8121D9428900BC3806 /* RobotoCondensed-LightItalic.ttf */ = {isa = PBXFileReference; lastKnownFileType = file; path = "RobotoCondensed-LightItalic.ttf"; sourceTree = "<group>"; };
		051DBE8221D9428900BC3806 /* Roboto-Italic.ttf */ = {isa = PBXFileReference; lastKnownFileType = file; path = "Roboto-Italic.ttf"; sourceTree = "<group>"; };
		051DBE8321D9428900BC3806 /* Roboto-Light.ttf */ = {isa = PBXFileReference; lastKnownFileType = file; path = "Roboto-Light.ttf"; sourceTree = "<group>"; };
		051DBE8521D9428900BC3806 /* RobotoCondensed-Bold.ttf */ = {isa = PBXFileReference; lastKnownFileType = file; path = "RobotoCondensed-Bold.ttf"; sourceTree = "<group>"; };
		051DBE8621D9428900BC3806 /* RobotoCondensed-Italic.ttf */ = {isa = PBXFileReference; lastKnownFileType = file; path = "RobotoCondensed-Italic.ttf"; sourceTree = "<group>"; };
		051DBE8721D9428900BC3806 /* Roboto-ThinItalic.ttf */ = {isa = PBXFileReference; lastKnownFileType = file; path = "Roboto-ThinItalic.ttf"; sourceTree = "<group>"; };
		051DBE8821D9428A00BC3806 /* Roboto-Regular.ttf */ = {isa = PBXFileReference; lastKnownFileType = file; path = "Roboto-Regular.ttf"; sourceTree = "<group>"; };
		051DBE8921D9428A00BC3806 /* Roboto-MediumItalic.ttf */ = {isa = PBXFileReference; lastKnownFileType = file; path = "Roboto-MediumItalic.ttf"; sourceTree = "<group>"; };
		051DBE8A21D9428A00BC3806 /* Roboto-Black.ttf */ = {isa = PBXFileReference; lastKnownFileType = file; path = "Roboto-Black.ttf"; sourceTree = "<group>"; };
		051DBE8B21D9428A00BC3806 /* Roboto-Medium.ttf */ = {isa = PBXFileReference; lastKnownFileType = file; path = "Roboto-Medium.ttf"; sourceTree = "<group>"; };
		051DBE8C21D9428A00BC3806 /* Roboto-BlackItalic.ttf */ = {isa = PBXFileReference; lastKnownFileType = file; path = "Roboto-BlackItalic.ttf"; sourceTree = "<group>"; };
		051DBE8D21D9428A00BC3806 /* RobotoCondensed-Light.ttf */ = {isa = PBXFileReference; lastKnownFileType = file; path = "RobotoCondensed-Light.ttf"; sourceTree = "<group>"; };
		051DBE8E21D9428A00BC3806 /* RobotoCondensed-Regular.ttf */ = {isa = PBXFileReference; lastKnownFileType = file; path = "RobotoCondensed-Regular.ttf"; sourceTree = "<group>"; };
		05271DEF21D2EDD900AFF78C /* Connectivity.swift */ = {isa = PBXFileReference; lastKnownFileType = sourcecode.swift; path = Connectivity.swift; sourceTree = "<group>"; };
		053CA53F21D6AB780097BB7D /* SharedFuncs.swift */ = {isa = PBXFileReference; lastKnownFileType = sourcecode.swift; path = SharedFuncs.swift; sourceTree = "<group>"; };
		053EA43B213B66470067270E /* Constants.swift */ = {isa = PBXFileReference; lastKnownFileType = sourcecode.swift; path = Constants.swift; sourceTree = "<group>"; };
		053EA43D213B78FF0067270E /* SignatureVC.swift */ = {isa = PBXFileReference; lastKnownFileType = sourcecode.swift; path = SignatureVC.swift; sourceTree = "<group>"; };
		059E9E742143580000AE8D13 /* GetDOBVC.swift */ = {isa = PBXFileReference; lastKnownFileType = sourcecode.swift; path = GetDOBVC.swift; sourceTree = "<group>"; };
		059E9E76214477CA00AE8D13 /* matchingModels.swift */ = {isa = PBXFileReference; lastKnownFileType = sourcecode.swift; path = matchingModels.swift; sourceTree = "<group>"; };
		059E9E78214F353800AE8D13 /* RegisterVC.swift */ = {isa = PBXFileReference; lastKnownFileType = sourcecode.swift; path = RegisterVC.swift; sourceTree = "<group>"; };
		05FA91F021D44B4E0061616D /* StartVC.swift */ = {isa = PBXFileReference; lastKnownFileType = sourcecode.swift; path = StartVC.swift; sourceTree = "<group>"; };
		05FA91F421D53DE20061616D /* SettingsVC.swift */ = {isa = PBXFileReference; lastKnownFileType = sourcecode.swift; path = SettingsVC.swift; sourceTree = "<group>"; };
		58643D916C1BE67388238D81 /* Pods-SignatureMountain.debug.xcconfig */ = {isa = PBXFileReference; includeInIndex = 1; lastKnownFileType = text.xcconfig; name = "Pods-SignatureMountain.debug.xcconfig"; path = "Pods/Target Support Files/Pods-SignatureMountain/Pods-SignatureMountain.debug.xcconfig"; sourceTree = "<group>"; };
		5EF732B92A47D93718583EFB /* Pods-SignatureMountain.release.xcconfig */ = {isa = PBXFileReference; includeInIndex = 1; lastKnownFileType = text.xcconfig; name = "Pods-SignatureMountain.release.xcconfig"; path = "Pods/Target Support Files/Pods-SignatureMountain/Pods-SignatureMountain.release.xcconfig"; sourceTree = "<group>"; };
		E224A6A606ABA40AB07A543E /* Pods_SignatureMountain.framework */ = {isa = PBXFileReference; explicitFileType = wrapper.framework; includeInIndex = 0; path = Pods_SignatureMountain.framework; sourceTree = BUILT_PRODUCTS_DIR; };
/* End PBXFileReference section */

/* Begin PBXFrameworksBuildPhase section */
		0510FAD5213A0D5600EC2AEE /* Frameworks */ = {
			isa = PBXFrameworksBuildPhase;
			buildActionMask = 2147483647;
			files = (
				02C040D753B177B616605BA2 /* Pods_SignatureMountain.framework in Frameworks */,
			);
			runOnlyForDeploymentPostprocessing = 0;
		};
/* End PBXFrameworksBuildPhase section */

/* Begin PBXGroup section */
		0510FACF213A0D5600EC2AEE = {
			isa = PBXGroup;
			children = (
				0510FADA213A0D5600EC2AEE /* SignatureMountain */,
				0510FAD9213A0D5600EC2AEE /* Products */,
				9C991A93B57F0CE903806A54 /* Pods */,
				A0BF765DC0976E0D0740A9FD /* Frameworks */,
			);
			sourceTree = "<group>";
		};
		0510FAD9213A0D5600EC2AEE /* Products */ = {
			isa = PBXGroup;
			children = (
				0510FAD8213A0D5600EC2AEE /* SignatureMountain.app */,
			);
			name = Products;
			sourceTree = "<group>";
		};
		0510FADA213A0D5600EC2AEE /* SignatureMountain */ = {
			isa = PBXGroup;
			children = (
				0510FAEF213A0F6A00EC2AEE /* Controller */,
				0510FAEE213A0F6200EC2AEE /* View */,
				0510FAED213A0F5C00EC2AEE /* Model */,
				0510FAE2213A0D5900EC2AEE /* Assets.xcassets */,
				0510FAF0213A0F8B00EC2AEE /* Supporting Files */,
				0510FAE7213A0D5900EC2AEE /* Info.plist */,
			);
			path = SignatureMountain;
			sourceTree = "<group>";
		};
		0510FAED213A0F5C00EC2AEE /* Model */ = {
			isa = PBXGroup;
			children = (
				0510FAF1213A108600EC2AEE /* signin.swift */,
				0515723E215327FA00D06DEE /* patient.swift */,
				059E9E76214477CA00AE8D13 /* matchingModels.swift */,
				051572402158809400D06DEE /* matchingAppointments.swift */,
			);
			path = Model;
			sourceTree = "<group>";
		};
		0510FAEE213A0F6200EC2AEE /* View */ = {
			isa = PBXGroup;
			children = (
				0510FADF213A0D5600EC2AEE /* Main.storyboard */,
			);
			path = View;
			sourceTree = "<group>";
		};
		0510FAEF213A0F6A00EC2AEE /* Controller */ = {
			isa = PBXGroup;
			children = (
				05FA91F021D44B4E0061616D /* StartVC.swift */,
				0510FADD213A0D5600EC2AEE /* SigninVC.swift */,
				053EA43D213B78FF0067270E /* SignatureVC.swift */,
				059E9E742143580000AE8D13 /* GetDOBVC.swift */,
				059E9E78214F353800AE8D13 /* RegisterVC.swift */,
				05271DEF21D2EDD900AFF78C /* Connectivity.swift */,
				0510FADB213A0D5600EC2AEE /* AppDelegate.swift */,
				05FA91F421D53DE20061616D /* SettingsVC.swift */,
			);
			path = Controller;
			sourceTree = "<group>";
		};
		0510FAF0213A0F8B00EC2AEE /* Supporting Files */ = {
			isa = PBXGroup;
			children = (
				051DBE8A21D9428A00BC3806 /* Roboto-Black.ttf */,
				051DBE8C21D9428A00BC3806 /* Roboto-BlackItalic.ttf */,
				051DBE8021D9428900BC3806 /* Roboto-Bold.ttf */,
				051DBE7F21D9428900BC3806 /* Roboto-BoldItalic.ttf */,
				051DBE8221D9428900BC3806 /* Roboto-Italic.ttf */,
				051DBE8321D9428900BC3806 /* Roboto-Light.ttf */,
				051DBE7D21D9428900BC3806 /* Roboto-LightItalic.ttf */,
				051DBE8B21D9428A00BC3806 /* Roboto-Medium.ttf */,
				051DBE8921D9428A00BC3806 /* Roboto-MediumItalic.ttf */,
				051DBE8821D9428A00BC3806 /* Roboto-Regular.ttf */,
				051DBE7E21D9428900BC3806 /* Roboto-Thin.ttf */,
				051DBE8721D9428900BC3806 /* Roboto-ThinItalic.ttf */,
				051DBE8521D9428900BC3806 /* RobotoCondensed-Bold.ttf */,
				051DBE7C21D9428900BC3806 /* RobotoCondensed-BoldItalic.ttf */,
				051DBE8621D9428900BC3806 /* RobotoCondensed-Italic.ttf */,
				051DBE8D21D9428A00BC3806 /* RobotoCondensed-Light.ttf */,
				051DBE8121D9428900BC3806 /* RobotoCondensed-LightItalic.ttf */,
				051DBE8E21D9428A00BC3806 /* RobotoCondensed-Regular.ttf */,
				053EA43B213B66470067270E /* Constants.swift */,
				053CA53F21D6AB780097BB7D /* SharedFuncs.swift */,
			);
			path = "Supporting Files";
			sourceTree = "<group>";
		};
		9C991A93B57F0CE903806A54 /* Pods */ = {
			isa = PBXGroup;
			children = (
				58643D916C1BE67388238D81 /* Pods-SignatureMountain.debug.xcconfig */,
				5EF732B92A47D93718583EFB /* Pods-SignatureMountain.release.xcconfig */,
			);
			name = Pods;
			sourceTree = "<group>";
		};
		A0BF765DC0976E0D0740A9FD /* Frameworks */ = {
			isa = PBXGroup;
			children = (
				E224A6A606ABA40AB07A543E /* Pods_SignatureMountain.framework */,
			);
			name = Frameworks;
			sourceTree = "<group>";
		};
/* End PBXGroup section */

/* Begin PBXNativeTarget section */
		0510FAD7213A0D5600EC2AEE /* SignatureMountain */ = {
			isa = PBXNativeTarget;
			buildConfigurationList = 0510FAEA213A0D5900EC2AEE /* Build configuration list for PBXNativeTarget "SignatureMountain" */;
			buildPhases = (
				A1B5EBBDAB72E7F8B0311584 /* [CP] Check Pods Manifest.lock */,
				0510FAD4213A0D5600EC2AEE /* Sources */,
				0510FAD5213A0D5600EC2AEE /* Frameworks */,
				0510FAD6213A0D5600EC2AEE /* Resources */,
				96E31F1A78A5002343F4396D /* [CP] Embed Pods Frameworks */,
			);
			buildRules = (
			);
			dependencies = (
			);
			name = SignatureMountain;
			productName = SignatureMountain;
			productReference = 0510FAD8213A0D5600EC2AEE /* SignatureMountain.app */;
			productType = "com.apple.product-type.application";
		};
/* End PBXNativeTarget section */

/* Begin PBXProject section */
		0510FAD0213A0D5600EC2AEE /* Project object */ = {
			isa = PBXProject;
			attributes = {
				LastSwiftUpdateCheck = 0940;
				LastUpgradeCheck = 0940;
				ORGANIZATIONNAME = "Fadi Hafez";
				TargetAttributes = {
					0510FAD7213A0D5600EC2AEE = {
						CreatedOnToolsVersion = 9.4;
					};
				};
			};
			buildConfigurationList = 0510FAD3213A0D5600EC2AEE /* Build configuration list for PBXProject "SignatureMountain" */;
			compatibilityVersion = "Xcode 9.3";
			developmentRegion = en;
			hasScannedForEncodings = 0;
			knownRegions = (
				en,
				Base,
			);
			mainGroup = 0510FACF213A0D5600EC2AEE;
			productRefGroup = 0510FAD9213A0D5600EC2AEE /* Products */;
			projectDirPath = "";
			projectRoot = "";
			targets = (
				0510FAD7213A0D5600EC2AEE /* SignatureMountain */,
			);
		};
/* End PBXProject section */

/* Begin PBXResourcesBuildPhase section */
		0510FAD6213A0D5600EC2AEE /* Resources */ = {
			isa = PBXResourcesBuildPhase;
			buildActionMask = 2147483647;
			files = (
				051DBE9321D9428A00BC3806 /* Roboto-Bold.ttf in Resources */,
				051DBE9521D9428A00BC3806 /* Roboto-Italic.ttf in Resources */,
				051DBE9621D9428A00BC3806 /* Roboto-Light.ttf in Resources */,
				051DBE9921D9428A00BC3806 /* RobotoCondensed-Italic.ttf in Resources */,
				051DBE9221D9428A00BC3806 /* Roboto-BoldItalic.ttf in Resources */,
				051DBE9D21D9428A00BC3806 /* Roboto-Black.ttf in Resources */,
				0510FAE3213A0D5900EC2AEE /* Assets.xcassets in Resources */,
				0510FAE1213A0D5600EC2AEE /* Main.storyboard in Resources */,
				051DBE9F21D9428A00BC3806 /* Roboto-BlackItalic.ttf in Resources */,
				051DBEA121D9428A00BC3806 /* RobotoCondensed-Regular.ttf in Resources */,
				051DBE9E21D9428A00BC3806 /* Roboto-Medium.ttf in Resources */,
				051DBE9821D9428A00BC3806 /* RobotoCondensed-Bold.ttf in Resources */,
				051DBE9021D9428A00BC3806 /* Roboto-LightItalic.ttf in Resources */,
				051DBE9121D9428A00BC3806 /* Roboto-Thin.ttf in Resources */,
				051DBE9A21D9428A00BC3806 /* Roboto-ThinItalic.ttf in Resources */,
				051DBEA021D9428A00BC3806 /* RobotoCondensed-Light.ttf in Resources */,
				051DBE9421D9428A00BC3806 /* RobotoCondensed-LightItalic.ttf in Resources */,
				051DBE9C21D9428A00BC3806 /* Roboto-MediumItalic.ttf in Resources */,
				051DBE9B21D9428A00BC3806 /* Roboto-Regular.ttf in Resources */,
				051DBE8F21D9428A00BC3806 /* RobotoCondensed-BoldItalic.ttf in Resources */,
			);
			runOnlyForDeploymentPostprocessing = 0;
		};
/* End PBXResourcesBuildPhase section */

/* Begin PBXShellScriptBuildPhase section */
		96E31F1A78A5002343F4396D /* [CP] Embed Pods Frameworks */ = {
			isa = PBXShellScriptBuildPhase;
			buildActionMask = 2147483647;
			files = (
			);
			inputPaths = (
				"${SRCROOT}/Pods/Target Support Files/Pods-SignatureMountain/Pods-SignatureMountain-frameworks.sh",
				"${BUILT_PRODUCTS_DIR}/Alamofire/Alamofire.framework",
				"${BUILT_PRODUCTS_DIR}/SVProgressHUD/SVProgressHUD.framework",
				"${BUILT_PRODUCTS_DIR}/SwiftyJSON/SwiftyJSON.framework",
			);
			name = "[CP] Embed Pods Frameworks";
			outputPaths = (
				"${TARGET_BUILD_DIR}/${FRAMEWORKS_FOLDER_PATH}/Alamofire.framework",
				"${TARGET_BUILD_DIR}/${FRAMEWORKS_FOLDER_PATH}/SVProgressHUD.framework",
				"${TARGET_BUILD_DIR}/${FRAMEWORKS_FOLDER_PATH}/SwiftyJSON.framework",
			);
			runOnlyForDeploymentPostprocessing = 0;
			shellPath = /bin/sh;
			shellScript = "\"${SRCROOT}/Pods/Target Support Files/Pods-SignatureMountain/Pods-SignatureMountain-frameworks.sh\"\n";
			showEnvVarsInLog = 0;
		};
		A1B5EBBDAB72E7F8B0311584 /* [CP] Check Pods Manifest.lock */ = {
			isa = PBXShellScriptBuildPhase;
			buildActionMask = 2147483647;
			files = (
			);
			inputPaths = (
				"${PODS_PODFILE_DIR_PATH}/Podfile.lock",
				"${PODS_ROOT}/Manifest.lock",
			);
			name = "[CP] Check Pods Manifest.lock";
			outputPaths = (
				"$(DERIVED_FILE_DIR)/Pods-SignatureMountain-checkManifestLockResult.txt",
			);
			runOnlyForDeploymentPostprocessing = 0;
			shellPath = /bin/sh;
			shellScript = "diff \"${PODS_PODFILE_DIR_PATH}/Podfile.lock\" \"${PODS_ROOT}/Manifest.lock\" > /dev/null\nif [ $? != 0 ] ; then\n    # print error to STDERR\n    echo \"error: The sandbox is not in sync with the Podfile.lock. Run 'pod install' or update your CocoaPods installation.\" >&2\n    exit 1\nfi\n# This output is used by Xcode 'outputs' to avoid re-running this script phase.\necho \"SUCCESS\" > \"${SCRIPT_OUTPUT_FILE_0}\"\n";
			showEnvVarsInLog = 0;
		};
/* End PBXShellScriptBuildPhase section */

/* Begin PBXSourcesBuildPhase section */
		0510FAD4213A0D5600EC2AEE /* Sources */ = {
			isa = PBXSourcesBuildPhase;
			buildActionMask = 2147483647;
			files = (
				053CA54021D6AB780097BB7D /* SharedFuncs.swift in Sources */,
				0510FAF2213A108600EC2AEE /* signin.swift in Sources */,
				059E9E79214F353900AE8D13 /* RegisterVC.swift in Sources */,
				05FA91F521D53DE20061616D /* SettingsVC.swift in Sources */,
				0510FADE213A0D5600EC2AEE /* SigninVC.swift in Sources */,
				059E9E77214477CA00AE8D13 /* matchingModels.swift in Sources */,
				05FA91F121D44B4E0061616D /* StartVC.swift in Sources */,
				0510FADC213A0D5600EC2AEE /* AppDelegate.swift in Sources */,
				059E9E752143580100AE8D13 /* GetDOBVC.swift in Sources */,
				051572412158809400D06DEE /* matchingAppointments.swift in Sources */,
				05271DF021D2EDD900AFF78C /* Connectivity.swift in Sources */,
				0515723F215327FA00D06DEE /* patient.swift in Sources */,
				053EA43C213B66470067270E /* Constants.swift in Sources */,
				053EA43E213B79000067270E /* SignatureVC.swift in Sources */,
			);
			runOnlyForDeploymentPostprocessing = 0;
		};
/* End PBXSourcesBuildPhase section */

/* Begin PBXVariantGroup section */
		0510FADF213A0D5600EC2AEE /* Main.storyboard */ = {
			isa = PBXVariantGroup;
			children = (
				0510FAE0213A0D5600EC2AEE /* Base */,
			);
			name = Main.storyboard;
			sourceTree = "<group>";
		};
/* End PBXVariantGroup section */

/* Begin XCBuildConfiguration section */
		0510FAE8213A0D5900EC2AEE /* Debug */ = {
			isa = XCBuildConfiguration;
			buildSettings = {
				ALWAYS_SEARCH_USER_PATHS = NO;
				CLANG_ANALYZER_NONNULL = YES;
				CLANG_ANALYZER_NUMBER_OBJECT_CONVERSION = YES_AGGRESSIVE;
				CLANG_CXX_LANGUAGE_STANDARD = "gnu++14";
				CLANG_CXX_LIBRARY = "libc++";
				CLANG_ENABLE_MODULES = YES;
				CLANG_ENABLE_OBJC_ARC = YES;
				CLANG_ENABLE_OBJC_WEAK = YES;
				CLANG_WARN_BLOCK_CAPTURE_AUTORELEASING = YES;
				CLANG_WARN_BOOL_CONVERSION = YES;
				CLANG_WARN_COMMA = YES;
				CLANG_WARN_CONSTANT_CONVERSION = YES;
				CLANG_WARN_DEPRECATED_OBJC_IMPLEMENTATIONS = YES;
				CLANG_WARN_DIRECT_OBJC_ISA_USAGE = YES_ERROR;
				CLANG_WARN_DOCUMENTATION_COMMENTS = YES;
				CLANG_WARN_EMPTY_BODY = YES;
				CLANG_WARN_ENUM_CONVERSION = YES;
				CLANG_WARN_INFINITE_RECURSION = YES;
				CLANG_WARN_INT_CONVERSION = YES;
				CLANG_WARN_NON_LITERAL_NULL_CONVERSION = YES;
				CLANG_WARN_OBJC_IMPLICIT_RETAIN_SELF = YES;
				CLANG_WARN_OBJC_LITERAL_CONVERSION = YES;
				CLANG_WARN_OBJC_ROOT_CLASS = YES_ERROR;
				CLANG_WARN_RANGE_LOOP_ANALYSIS = YES;
				CLANG_WARN_STRICT_PROTOTYPES = YES;
				CLANG_WARN_SUSPICIOUS_MOVE = YES;
				CLANG_WARN_UNGUARDED_AVAILABILITY = YES_AGGRESSIVE;
				CLANG_WARN_UNREACHABLE_CODE = YES;
				CLANG_WARN__DUPLICATE_METHOD_MATCH = YES;
				CODE_SIGN_IDENTITY = "iPhone Developer";
				COPY_PHASE_STRIP = NO;
				DEBUG_INFORMATION_FORMAT = dwarf;
				ENABLE_STRICT_OBJC_MSGSEND = YES;
				ENABLE_TESTABILITY = YES;
				GCC_C_LANGUAGE_STANDARD = gnu11;
				GCC_DYNAMIC_NO_PIC = NO;
				GCC_NO_COMMON_BLOCKS = YES;
				GCC_OPTIMIZATION_LEVEL = 0;
				GCC_PREPROCESSOR_DEFINITIONS = (
					"DEBUG=1",
					"$(inherited)",
				);
				GCC_WARN_64_TO_32_BIT_CONVERSION = YES;
				GCC_WARN_ABOUT_RETURN_TYPE = YES_ERROR;
				GCC_WARN_UNDECLARED_SELECTOR = YES;
				GCC_WARN_UNINITIALIZED_AUTOS = YES_AGGRESSIVE;
				GCC_WARN_UNUSED_FUNCTION = YES;
				GCC_WARN_UNUSED_VARIABLE = YES;
				IPHONEOS_DEPLOYMENT_TARGET = 11.4;
				MTL_ENABLE_DEBUG_INFO = YES;
				ONLY_ACTIVE_ARCH = YES;
				SDKROOT = iphoneos;
				SWIFT_ACTIVE_COMPILATION_CONDITIONS = DEBUG;
				SWIFT_OPTIMIZATION_LEVEL = "-Onone";
			};
			name = Debug;
		};
		0510FAE9213A0D5900EC2AEE /* Release */ = {
			isa = XCBuildConfiguration;
			buildSettings = {
				ALWAYS_SEARCH_USER_PATHS = NO;
				CLANG_ANALYZER_NONNULL = YES;
				CLANG_ANALYZER_NUMBER_OBJECT_CONVERSION = YES_AGGRESSIVE;
				CLANG_CXX_LANGUAGE_STANDARD = "gnu++14";
				CLANG_CXX_LIBRARY = "libc++";
				CLANG_ENABLE_MODULES = YES;
				CLANG_ENABLE_OBJC_ARC = YES;
				CLANG_ENABLE_OBJC_WEAK = YES;
				CLANG_WARN_BLOCK_CAPTURE_AUTORELEASING = YES;
				CLANG_WARN_BOOL_CONVERSION = YES;
				CLANG_WARN_COMMA = YES;
				CLANG_WARN_CONSTANT_CONVERSION = YES;
				CLANG_WARN_DEPRECATED_OBJC_IMPLEMENTATIONS = YES;
				CLANG_WARN_DIRECT_OBJC_ISA_USAGE = YES_ERROR;
				CLANG_WARN_DOCUMENTATION_COMMENTS = YES;
				CLANG_WARN_EMPTY_BODY = YES;
				CLANG_WARN_ENUM_CONVERSION = YES;
				CLANG_WARN_INFINITE_RECURSION = YES;
				CLANG_WARN_INT_CONVERSION = YES;
				CLANG_WARN_NON_LITERAL_NULL_CONVERSION = YES;
				CLANG_WARN_OBJC_IMPLICIT_RETAIN_SELF = YES;
				CLANG_WARN_OBJC_LITERAL_CONVERSION = YES;
				CLANG_WARN_OBJC_ROOT_CLASS = YES_ERROR;
				CLANG_WARN_RANGE_LOOP_ANALYSIS = YES;
				CLANG_WARN_STRICT_PROTOTYPES = YES;
				CLANG_WARN_SUSPICIOUS_MOVE = YES;
				CLANG_WARN_UNGUARDED_AVAILABILITY = YES_AGGRESSIVE;
				CLANG_WARN_UNREACHABLE_CODE = YES;
				CLANG_WARN__DUPLICATE_METHOD_MATCH = YES;
				CODE_SIGN_IDENTITY = "iPhone Developer";
				COPY_PHASE_STRIP = NO;
				DEBUG_INFORMATION_FORMAT = "dwarf-with-dsym";
				ENABLE_NS_ASSERTIONS = NO;
				ENABLE_STRICT_OBJC_MSGSEND = YES;
				GCC_C_LANGUAGE_STANDARD = gnu11;
				GCC_NO_COMMON_BLOCKS = YES;
				GCC_WARN_64_TO_32_BIT_CONVERSION = YES;
				GCC_WARN_ABOUT_RETURN_TYPE = YES_ERROR;
				GCC_WARN_UNDECLARED_SELECTOR = YES;
				GCC_WARN_UNINITIALIZED_AUTOS = YES_AGGRESSIVE;
				GCC_WARN_UNUSED_FUNCTION = YES;
				GCC_WARN_UNUSED_VARIABLE = YES;
				IPHONEOS_DEPLOYMENT_TARGET = 11.4;
				MTL_ENABLE_DEBUG_INFO = NO;
				SDKROOT = iphoneos;
				SWIFT_COMPILATION_MODE = wholemodule;
				SWIFT_OPTIMIZATION_LEVEL = "-O";
				VALIDATE_PRODUCT = YES;
			};
			name = Release;
		};
		0510FAEB213A0D5900EC2AEE /* Debug */ = {
			isa = XCBuildConfiguration;
			baseConfigurationReference = 58643D916C1BE67388238D81 /* Pods-SignatureMountain.debug.xcconfig */;
			buildSettings = {
				ASSETCATALOG_COMPILER_APPICON_NAME = AppIcon;
				CODE_SIGN_IDENTITY = "iPhone Developer";
				CODE_SIGN_STYLE = Automatic;
				DEVELOPMENT_TEAM = N876F6UP9Q;
				INFOPLIST_FILE = SignatureMountain/Info.plist;
				IPHONEOS_DEPLOYMENT_TARGET = 10.0;
				LD_RUNPATH_SEARCH_PATHS = (
					"$(inherited)",
					"@executable_path/Frameworks",
				);
				PRODUCT_BUNDLE_IDENTIFIER = RefinedSolutionsInc.SignatureMountain;
				PRODUCT_NAME = "$(TARGET_NAME)";
				PROVISIONING_PROFILE_SPECIFIER = "";
				SWIFT_VERSION = 4.0;
				TARGETED_DEVICE_FAMILY = 2;
			};
			name = Debug;
		};
		0510FAEC213A0D5900EC2AEE /* Release */ = {
			isa = XCBuildConfiguration;
			baseConfigurationReference = 5EF732B92A47D93718583EFB /* Pods-SignatureMountain.release.xcconfig */;
			buildSettings = {
				ASSETCATALOG_COMPILER_APPICON_NAME = AppIcon;
				CODE_SIGN_IDENTITY = "iPhone Developer";
				CODE_SIGN_STYLE = Automatic;
				DEVELOPMENT_TEAM = N876F6UP9Q;
				INFOPLIST_FILE = SignatureMountain/Info.plist;
				IPHONEOS_DEPLOYMENT_TARGET = 10.0;
				LD_RUNPATH_SEARCH_PATHS = (
					"$(inherited)",
					"@executable_path/Frameworks",
				);
				PRODUCT_BUNDLE_IDENTIFIER = RefinedSolutionsInc.SignatureMountain;
				PRODUCT_NAME = "$(TARGET_NAME)";
				PROVISIONING_PROFILE_SPECIFIER = "";
				SWIFT_VERSION = 4.0;
				TARGETED_DEVICE_FAMILY = 2;
			};
			name = Release;
		};
/* End XCBuildConfiguration section */

/* Begin XCConfigurationList section */
		0510FAD3213A0D5600EC2AEE /* Build configuration list for PBXProject "SignatureMountain" */ = {
			isa = XCConfigurationList;
			buildConfigurations = (
				0510FAE8213A0D5900EC2AEE /* Debug */,
				0510FAE9213A0D5900EC2AEE /* Release */,
			);
			defaultConfigurationIsVisible = 0;
			defaultConfigurationName = Release;
		};
		0510FAEA213A0D5900EC2AEE /* Build configuration list for PBXNativeTarget "SignatureMountain" */ = {
			isa = XCConfigurationList;
			buildConfigurations = (
				0510FAEB213A0D5900EC2AEE /* Debug */,
				0510FAEC213A0D5900EC2AEE /* Release */,
			);
			defaultConfigurationIsVisible = 0;
			defaultConfigurationName = Release;
		};
/* End XCConfigurationList section */
	};
	rootObject = 0510FAD0213A0D5600EC2AEE /* Project object */;
}
